
Microsoft Visual Studio Solution File, Format Version 12.00
# Visual Studio Version 16
VisualStudioVersion = 16.0.31321.278
MinimumVisualStudioVersion = 10.0.40219.1
Project("{9A19103F-16F7-4668-BE54-9A1E7A4F7556}") = "Server", "Server\Server.csproj", "{6E8F5609-780A-4921-A79F-D193CD3CC993}"
EndProject
Project("{9092AA53-FB77-4645-B42D-1CCCA6BD08BD}") = "client", "client\client.njsproj", "{BB94DB46-54F7-4361-9004-F9AD9F43A674}"
EndProject
Global
	GlobalSection(SolutionConfigurationPlatforms) = preSolution
		Debug|Any CPU = Debug|Any CPU
		Release|Any CPU = Release|Any CPU
	EndGlobalSection
	GlobalSection(ProjectConfigurationPlatforms) = postSolution
		{6E8F5609-780A-4921-A79F-D193CD3CC993}.Debug|Any CPU.ActiveCfg = Debug|Any CPU
		{6E8F5609-780A-4921-A79F-D193CD3CC993}.Debug|Any CPU.Build.0 = Debug|Any CPU
		{6E8F5609-780A-4921-A79F-D193CD3CC993}.Release|Any CPU.ActiveCfg = Release|Any CPU
		{6E8F5609-780A-4921-A79F-D193CD3CC993}.Release|Any CPU.Build.0 = Release|Any CPU
		{BB94DB46-54F7-4361-9004-F9AD9F43A674}.Debug|Any CPU.ActiveCfg = Debug|Any CPU
		{BB94DB46-54F7-4361-9004-F9AD9F43A674}.Debug|Any CPU.Build.0 = Debug|Any CPU
		{BB94DB46-54F7-4361-9004-F9AD9F43A674}.Release|Any CPU.ActiveCfg = Release|Any CPU
		{BB94DB46-54F7-4361-9004-F9AD9F43A674}.Release|Any CPU.Build.0 = Release|Any CPU
	EndGlobalSection
	GlobalSection(SolutionProperties) = preSolution
		HideSolutionNode = FALSE
	EndGlobalSection
	GlobalSection(ExtensibilityGlobals) = postSolution
		SolutionGuid = {AC18DD06-01BE-4533-930B-C2996427D835}
	EndGlobalSection
EndGlobal
